{
  "name": "@indra.ai/deva.vaisya",
  "version": "0.0.5",
  "lockfileVersion": 3,
  "requires": true,
  "packages": {
    "": {
      "name": "@indra.ai/deva.vaisya",
      "version": "0.0.5",
      "license": "MIT",
      "dependencies": {
        "@indra.ai/deva": "^1.5.39"
      }
    },
    "node_modules/@indra.ai/deva": {
      "version": "1.5.39",
      "resolved": "https://registry.npmjs.org/@indra.ai/deva/-/deva-1.5.39.tgz",
      "integrity": "sha512-pOBbanTMtW5czFf1M9NmAhuu2hOnA0pqrf2i7tk0VX7t8UrL3//p+qiDFM5iRrubU/FlzuK4mGO1SwDKXPsLBA==",
      "funding": [
        {
          "type": "paypal",
          "url": "https://paypal.me/rahulaclub"
        },
        {
          "type": "patreon",
          "url": "https://patreon.com/rahulaclub"
        }
      ],
      "license": "Unlicense",
      "engines": {
        "node": ">=18.16.0",
        "npm": ">=9.5.1"
      }
    }
  }
}
