{
  "name": "@indra.ai/deva.vaisya",
  "version": "0.0.6",
  "lockfileVersion": 3,
  "requires": true,
  "packages": {
    "": {
      "name": "@indra.ai/deva.vaisya",
      "version": "0.0.6",
      "license": "MIT",
      "dependencies": {
        "@indra.ai/deva": "^1.5.40"
      }
    },
    "node_modules/@indra.ai/deva": {
      "version": "1.5.40",
      "resolved": "https://registry.npmjs.org/@indra.ai/deva/-/deva-1.5.40.tgz",
      "integrity": "sha512-YzXMuDJsuS41WycPcYdT+YsLRVvkyXz4oTr9NUjHYamje25f56QeFGn+fL/4re52G7BLQq3eVfBB3Wy02p3yvA==",
      "funding": [
        {
          "type": "paypal",
          "url": "https://paypal.me/rahulaclub"
        },
        {
          "type": "patreon",
          "url": "https://patreon.com/rahulaclub"
        }
      ],
      "license": "Unlicense",
      "engines": {
        "node": ">=18.16.0",
        "npm": ">=9.5.1"
      }
    }
  }
}
